<?xml version="1.0" encoding="utf-8"?>
<Project ToolsVersion="4.0" xmlns="http://schemas.microsoft.com/developer/msbuild/2003">
  <ItemGroup>
    <Filter Include="Source Files">
      <UniqueIdentifier>{4FC737F1-C7A5-4376-A066-2A32D752A2FF}</UniqueIdentifier>
      <Extensions>cpp;cxx;c;def</Extensions>
    </Filter>
    <Filter Include="Header Files">
      <UniqueIdentifier>{93995380-89BD-4b04-88EB-625FBE52EBFB}</UniqueIdentifier>
      <Extensions>h</Extensions>
    </Filter>
    <Filter Include="Generated Files">
      <UniqueIdentifier>{71ED8ED8-ACB9-4CE9-BBE1-E00B30144E11}</UniqueIdentifier>
      <Extensions>moc;h;cpp</Extensions>
      <SourceControlFiles>False</SourceControlFiles>
    </Filter>
    <Filter Include="Resource Files">
      <UniqueIdentifier>{D9D6E242-F8AF-46E4-B9FD-80ECBC20BA3E}</UniqueIdentifier>
      <Extensions>qrc;*</Extensions>
      <ParseFiles>false</ParseFiles>
    </Filter>
    <Filter Include="Form Files">
      <UniqueIdentifier>{99349809-55BA-4b9d-BF79-8FDBB0286EB3}</UniqueIdentifier>
      <Extensions>ui</Extensions>
    </Filter>
    <Filter Include="Translation Files">
      <UniqueIdentifier>{639EADAA-A684-42e4-A9AD-28FC9BCB8F7C}</UniqueIdentifier>
      <Extensions>ts</Extensions>
      <ParseFiles>false</ParseFiles>
    </Filter>
    <Filter Include="Generated Files\Debug">
      <UniqueIdentifier>{3ce14c9d-ce1c-46c7-974b-351f553ef451}</UniqueIdentifier>
      <Extensions>cpp;moc</Extensions>
      <SourceControlFiles>False</SourceControlFiles>
    </Filter>
    <Filter Include="Generated Files\Release">
      <UniqueIdentifier>{e9dbc096-17c2-4968-a23f-482d6a361309}</UniqueIdentifier>
      <Extensions>cpp;moc</Extensions>
      <SourceControlFiles>False</SourceControlFiles>
    </Filter>
    <Filter Include="Generated Files\ReleaseWithDebugInfo">
      <UniqueIdentifier>{2b54b6dc-14ef-44f5-b72e-47295616de38}</UniqueIdentifier>
    </Filter>
  </ItemGroup>
  <ItemGroup>
    <ClCompile Include="..\src\main.cpp">
      <Filter>Source Files</Filter>
    </ClCompile>
    <ClCompile Include="..\src\SplashScreen.cpp">
      <Filter>Source Files</Filter>
    </ClCompile>
    <ClCompile Include="..\src\WatchService.cpp">
      <Filter>Source Files</Filter>
    </ClCompile>
    <ClCompile Include="GeneratedFiles\$(ProjectName)\qrc_Resources.cpp">
      <Filter>Generated Files</Filter>
    </ClCompile>
    <ClCompile Include="GeneratedFiles\$(ProjectName)\Debug\moc_WatchService.cpp">
      <Filter>Generated Files\Debug</Filter>
    </ClCompile>
    <ClCompile Include="GeneratedFiles\$(ProjectName)\Release\moc_WatchService.cpp">
      <Filter>Generated Files\Release</Filter>
    </ClCompile>
    <ClCompile Include="GeneratedFiles\$(ProjectName)\Debug\moc_SplashScreen.cpp">
      <Filter>Generated Files\Debug</Filter>
    </ClCompile>
    <ClCompile Include="GeneratedFiles\$(ProjectName)\Release\moc_SplashScreen.cpp">
      <Filter>Generated Files\Release</Filter>
    </ClCompile>
    <ClCompile Include="GeneratedFiles\WatchService\ReleaseWithDebugInfo\moc_SplashScreen.cpp">
      <Filter>Generated Files\ReleaseWithDebugInfo</Filter>
    </ClCompile>
    <ClCompile Include="GeneratedFiles\WatchService\ReleaseWithDebugInfo\moc_WatchService.cpp">
      <Filter>Generated Files\ReleaseWithDebugInfo</Filter>
    </ClCompile>
    <ClCompile Include="..\src\TimeChangeListener.cpp">
      <Filter>Source Files</Filter>
    </ClCompile>
    <ClCompile Include="GeneratedFiles\$(ProjectName)\Debug\moc_TimeChangeListener.cpp">
      <Filter>Generated Files\Debug</Filter>
    </ClCompile>
    <ClCompile Include="GeneratedFiles\$(ProjectName)\ReleaseWithDebugInfo\moc_TimeChangeListener.cpp">
      <Filter>Generated Files\ReleaseWithDebugInfo</Filter>
    </ClCompile>
    <ClCompile Include="GeneratedFiles\$(ProjectName)\Release\moc_TimeChangeListener.cpp">
      <Filter>Generated Files\Release</Filter>
    </ClCompile>
    <ClCompile Include="..\src\win_processenumerator.cpp">
      <Filter>Source Files</Filter>
    </ClCompile>
    <ClCompile Include="..\src\CpuSpeed.cpp">
      <Filter>Source Files</Filter>
    </ClCompile>
  </ItemGroup>
  <ItemGroup>
    <ClInclude Include="Resources.h">
      <Filter>Header Files</Filter>
    </ClInclude>
    <ClInclude Include="GeneratedFiles\$(ProjectName)\ui_SplashScreen.h">
      <Filter>Generated Files</Filter>
    </ClInclude>
    <ClInclude Include="..\src\CpuSpeed.h">
      <Filter>Header Files</Filter>
    </ClInclude>
  </ItemGroup>
  <ItemGroup>
    <None Include="..\src\icons\main.ico">
      <Filter>Resource Files</Filter>
    </None>
    <None Include="..\src\locale\WatchService_de.ts">
      <Filter>Translation Files</Filter>
    </None>
    <None Include="..\src\locale\WatchService_en.ts">
      <Filter>Translation Files</Filter>
    </None>
    <None Include="..\src\locale\WatchService_ru.ts">
      <Filter>Translation Files</Filter>
    </None>
    <None Include="..\src\locale\WatchService_ua.ts">
      <Filter>Translation Files</Filter>
    </None>
    <None Include="..\src\images\bar.png">
      <Filter>Resource Files</Filter>
    </None>
    <None Include="..\src\images\states\2_1.png">
      <Filter>Resource Files</Filter>
    </None>
    <None Include="..\src\images\states\3_1.png">
      <Filter>Resource Files</Filter>
    </None>
    <None Include="..\src\images\states\0_1.png">
      <Filter>Resource Files</Filter>
    </None>
    <None Include="..\src\images\states\1_1.png">
      <Filter>Resource Files</Filter>
    </None>
    <None Include="..\src\images\states\4_1.png">
      <Filter>Resource Files</Filter>
    </None>
    <None Include="..\src\images\states\5_1.png">
      <Filter>Resource Files</Filter>
    </None>
    <None Include="..\src\images\states\7_1.png">
      <Filter>Resource Files</Filter>
    </None>
    <None Include="..\src\locale\WatchService_kk.ts">
      <Filter>Translation Files</Filter>
    </None>
  </ItemGroup>
  <ItemGroup>
    <ResourceCompile Include="Resources.rc">
      <Filter>Resource Files</Filter>
    </ResourceCompile>
  </ItemGroup>
  <ItemGroup>
    <CustomBuild Include="..\src\SplashScreen.h">
      <Filter>Header Files</Filter>
    </CustomBuild>
    <CustomBuild Include="..\src\WatchService.h">
      <Filter>Header Files</Filter>
    </CustomBuild>
    <CustomBuild Include="..\src\SplashScreen.ui">
      <Filter>Form Files</Filter>
    </CustomBuild>
    <CustomBuild Include="..\src\Resources.qrc">
      <Filter>Resource Files</Filter>
    </CustomBuild>
    <CustomBuild Include="..\src\TimeChangeListener.h">
      <Filter>Header Files</Filter>
    </CustomBuild>
    <CustomBuild Include="..\src\processenumerator.h">
      <Filter>Header Files</Filter>
    </CustomBuild>
  </ItemGroup>
</Project>