<?xml version="1.0" encoding="utf-8"?>
<Project ToolsVersion="4.0" xmlns="http://schemas.microsoft.com/developer/msbuild/2003">
  <ItemGroup>
    <Filter Include="Source Files">
      <UniqueIdentifier>{4FC737F1-C7A5-4376-A066-2A32D752A2FF}</UniqueIdentifier>
      <Extensions>cpp;cxx;c;def</Extensions>
    </Filter>
    <Filter Include="Generated Files">
      <UniqueIdentifier>{71ED8ED8-ACB9-4CE9-BBE1-E00B30144E11}</UniqueIdentifier>
      <Extensions>moc;h;cpp</Extensions>
      <SourceControlFiles>False</SourceControlFiles>
    </Filter>
    <Filter Include="Translation Files">
      <UniqueIdentifier>{639EADAA-A684-42e4-A9AD-28FC9BCB8F7C}</UniqueIdentifier>
      <Extensions>ts</Extensions>
      <ParseFiles>false</ParseFiles>
    </Filter>
    <Filter Include="Source Files\API">
      <UniqueIdentifier>{8079c72e-4bee-4c42-8798-512e19102b05}</UniqueIdentifier>
    </Filter>
    <Filter Include="ChargeProvider">
      <UniqueIdentifier>{6ceed7df-6311-489b-a60a-7e5842cabc1e}</UniqueIdentifier>
    </Filter>
    <Filter Include="Source Files\Device">
      <UniqueIdentifier>{74180c1e-0536-49ef-b889-5a659103c277}</UniqueIdentifier>
    </Filter>
    <Filter Include="BackendPlugin">
      <UniqueIdentifier>{c3b84f5c-9440-4d5d-8106-7b030b5b252d}</UniqueIdentifier>
    </Filter>
    <Filter Include="Generated Files\ReleaseWithDebugInfo">
      <UniqueIdentifier>{2a48621f-9fd0-4cb3-a6e1-39fc3f9516bb}</UniqueIdentifier>
      <Extensions>cpp;moc</Extensions>
      <SourceControlFiles>False</SourceControlFiles>
    </Filter>
    <Filter Include="Generated Files\Debug">
      <UniqueIdentifier>{dd2dda28-d202-4be5-8ac9-11c31b249338}</UniqueIdentifier>
      <Extensions>cpp;moc</Extensions>
      <SourceControlFiles>False</SourceControlFiles>
    </Filter>
    <Filter Include="Generated Files\Release">
      <UniqueIdentifier>{2ae99c8f-0358-4149-935c-f22532acc3df}</UniqueIdentifier>
      <Extensions>cpp;moc</Extensions>
      <SourceControlFiles>False</SourceControlFiles>
    </Filter>
    <Filter Include="Source Files\Task">
      <UniqueIdentifier>{7f353766-64be-4926-b18c-08bd32f090b2}</UniqueIdentifier>
    </Filter>
  </ItemGroup>
  <ItemGroup>
    <ClCompile Include="..\src\PluginFactoryDefinition.cpp">
      <Filter>Source Files</Filter>
    </ClCompile>
    <ClCompile Include="..\src\API.cpp">
      <Filter>Source Files\API</Filter>
    </ClCompile>
    <ClCompile Include="..\src\UcsChargeProvider.cpp">
      <Filter>ChargeProvider</Filter>
    </ClCompile>
    <ClCompile Include="..\src\Responses.cpp">
      <Filter>Source Files</Filter>
    </ClCompile>
    <ClCompile Include="..\src\UcsDevice.cpp">
      <Filter>Source Files\Device</Filter>
    </ClCompile>
    <ClCompile Include="..\src\Plugin.cpp">
      <Filter>Source Files</Filter>
    </ClCompile>
    <ClCompile Include="GeneratedFiles\$(ProjectName)\ReleaseWithDebugInfo\moc_UcsDevice.cpp">
      <Filter>Generated Files\ReleaseWithDebugInfo</Filter>
    </ClCompile>
    <ClCompile Include="GeneratedFiles\$(ProjectName)\Debug\moc_UcsDevice.cpp">
      <Filter>Generated Files\Debug</Filter>
    </ClCompile>
    <ClCompile Include="GeneratedFiles\$(ProjectName)\Release\moc_UcsDevice.cpp">
      <Filter>Generated Files\Release</Filter>
    </ClCompile>
    <ClCompile Include="GeneratedFiles\$(ProjectName)\ReleaseWithDebugInfo\moc_API.cpp">
      <Filter>Generated Files\ReleaseWithDebugInfo</Filter>
    </ClCompile>
    <ClCompile Include="GeneratedFiles\$(ProjectName)\Debug\moc_API.cpp">
      <Filter>Generated Files\Debug</Filter>
    </ClCompile>
    <ClCompile Include="GeneratedFiles\$(ProjectName)\Release\moc_API.cpp">
      <Filter>Generated Files\Release</Filter>
    </ClCompile>
    <ClCompile Include="GeneratedFiles\$(ProjectName)\ReleaseWithDebugInfo\moc_UcsChargeProvider.cpp">
      <Filter>Generated Files\ReleaseWithDebugInfo</Filter>
    </ClCompile>
    <ClCompile Include="GeneratedFiles\$(ProjectName)\Debug\moc_UcsChargeProvider.cpp">
      <Filter>Generated Files\Debug</Filter>
    </ClCompile>
    <ClCompile Include="GeneratedFiles\$(ProjectName)\Release\moc_UcsChargeProvider.cpp">
      <Filter>Generated Files\Release</Filter>
    </ClCompile>
    <ClCompile Include="..\src\APIErrors.cpp">
      <Filter>Source Files\API</Filter>
    </ClCompile>
    <ClCompile Include="..\src\UcsBackend.cpp">
      <Filter>BackendPlugin</Filter>
    </ClCompile>
    <ClCompile Include="..\src\DatabaseUtils.cpp">
      <Filter>Source Files</Filter>
    </ClCompile>
    <ClCompile Include="GeneratedFiles\$(ProjectName)\ReleaseWithDebugInfo\moc_UscEncashTask.cpp">
      <Filter>Generated Files\ReleaseWithDebugInfo</Filter>
    </ClCompile>
    <ClCompile Include="GeneratedFiles\$(ProjectName)\Debug\moc_UscEncashTask.cpp">
      <Filter>Generated Files\Debug</Filter>
    </ClCompile>
    <ClCompile Include="GeneratedFiles\$(ProjectName)\Release\moc_UscEncashTask.cpp">
      <Filter>Generated Files\Release</Filter>
    </ClCompile>
    <ClCompile Include="..\src\UscEncashTask.cpp">
      <Filter>Source Files\Task</Filter>
    </ClCompile>
  </ItemGroup>
  <ItemGroup>
    <CustomBuild Include="..\src\Responses.h">
      <Filter>Source Files</Filter>
    </CustomBuild>
    <CustomBuild Include="..\src\SingleDetectingIterator.h">
      <Filter>Source Files</Filter>
    </CustomBuild>
    <CustomBuild Include="..\src\Ucs.h">
      <Filter>Source Files</Filter>
    </CustomBuild>
    <CustomBuild Include="..\src\UcsDevice.h">
      <Filter>Source Files\Device</Filter>
    </CustomBuild>
    <CustomBuild Include="..\src\API.h">
      <Filter>Source Files\API</Filter>
    </CustomBuild>
    <CustomBuild Include="..\src\UcsChargeProvider.h">
      <Filter>ChargeProvider</Filter>
    </CustomBuild>
    <CustomBuild Include="..\src\UscEncashTask.h">
      <Filter>Source Files\Task</Filter>
    </CustomBuild>
  </ItemGroup>
  <ItemGroup>
    <ClInclude Include="..\src\UcsBackend.h">
      <Filter>BackendPlugin</Filter>
    </ClInclude>
    <ClInclude Include="..\src\DatabaseUtils.h">
      <Filter>Source Files</Filter>
    </ClInclude>
  </ItemGroup>
  <ItemGroup>
    <None Include="..\src\Locale\ucs_ru.ts">
      <Filter>Translation Files</Filter>
    </None>
  </ItemGroup>
</Project>